// !$*UTF8*$!
{
	archiveVersion = 1;
	classes = {
	};
	objectVersion = 50;
	objects = {

/* Begin PBXBuildFile section */
		0655E77EDE12A97A073F5E1F /* Pods_TV_Shows.framework in Frameworks */ = {isa = PBXBuildFile; fileRef = E41EEA0EB812FD14530523D6 /* Pods_TV_Shows.framework */; };
		6B3AAB0E218CC8F60018B9E4 /* ShowDetails.swift in Sources */ = {isa = PBXBuildFile; fileRef = 6B3AAB0D218CC8F60018B9E4 /* ShowDetails.swift */; };
		6B3AAB17218CCE760018B9E4 /* BaseHeaderTableCell.swift in Sources */ = {isa = PBXBuildFile; fileRef = 6B3AAB16218CCE760018B9E4 /* BaseHeaderTableCell.swift */; };
		6B3AAB1E218E065E0018B9E4 /* ShowDetialsEpisodesTableController.swift in Sources */ = {isa = PBXBuildFile; fileRef = 6B3AAB1D218E065E0018B9E4 /* ShowDetialsEpisodesTableController.swift */; };
		6B3AAB20218EFFFF0018B9E4 /* ShowDetailsTableController.swift in Sources */ = {isa = PBXBuildFile; fileRef = 6B3AAB1F218EFFFF0018B9E4 /* ShowDetailsTableController.swift */; };
		6B3AAB22218F0F8C0018B9E4 /* UIView+gradient.swift in Sources */ = {isa = PBXBuildFile; fileRef = 6B3AAB21218F0F8C0018B9E4 /* UIView+gradient.swift */; };
		6B3AAB26218F10370018B9E4 /* HeaderDetialsView.swift in Sources */ = {isa = PBXBuildFile; fileRef = 6B3AAB25218F10370018B9E4 /* HeaderDetialsView.swift */; };
		6B3AAB29218F11D30018B9E4 /* UIImage.swift in Sources */ = {isa = PBXBuildFile; fileRef = 6B3AAB28218F11D30018B9E4 /* UIImage.swift */; };
		6B3AAB2F218F51A60018B9E4 /* EpisodeDetialsCell.swift in Sources */ = {isa = PBXBuildFile; fileRef = 6B3AAB2E218F51A60018B9E4 /* EpisodeDetialsCell.swift */; };
		6B3AAB31218F5A850018B9E4 /* ShowEpisodesDetaills.swift in Sources */ = {isa = PBXBuildFile; fileRef = 6B3AAB30218F5A850018B9E4 /* ShowEpisodesDetaills.swift */; };
		6B59B5E62189DE5600D9CF9B /* AppDelegate.swift in Sources */ = {isa = PBXBuildFile; fileRef = 6B59B5E52189DE5600D9CF9B /* AppDelegate.swift */; };
		6B59B5EB2189DE5600D9CF9B /* Main.storyboard in Resources */ = {isa = PBXBuildFile; fileRef = 6B59B5E92189DE5600D9CF9B /* Main.storyboard */; };
		6B59B5ED2189DE5700D9CF9B /* Assets.xcassets in Resources */ = {isa = PBXBuildFile; fileRef = 6B59B5EC2189DE5700D9CF9B /* Assets.xcassets */; };
		6B59B5F02189DE5700D9CF9B /* LaunchScreen.storyboard in Resources */ = {isa = PBXBuildFile; fileRef = 6B59B5EE2189DE5700D9CF9B /* LaunchScreen.storyboard */; };
		6B59B5FA2189E0B700D9CF9B /* UIView+Anchors.swift in Sources */ = {isa = PBXBuildFile; fileRef = 6B59B5F92189E0B700D9CF9B /* UIView+Anchors.swift */; };
		6B59B5FC2189E30000D9CF9B /* LoginViewController.swift in Sources */ = {isa = PBXBuildFile; fileRef = 6B59B5FB2189E30000D9CF9B /* LoginViewController.swift */; };
		6B59B602218A281A00D9CF9B /* UIColor.swift in Sources */ = {isa = PBXBuildFile; fileRef = 6B59B601218A281A00D9CF9B /* UIColor.swift */; };
		6B59B605218A348300D9CF9B /* CustomTextFieldView.swift in Sources */ = {isa = PBXBuildFile; fileRef = 6B59B604218A348300D9CF9B /* CustomTextFieldView.swift */; };
		6B59B607218A34B100D9CF9B /* BaseView.swift in Sources */ = {isa = PBXBuildFile; fileRef = 6B59B606218A34B100D9CF9B /* BaseView.swift */; };
		6B59B609218A34D000D9CF9B /* SaveUserCredentialView.swift in Sources */ = {isa = PBXBuildFile; fileRef = 6B59B608218A34D000D9CF9B /* SaveUserCredentialView.swift */; };
		6B59B60E218A361A00D9CF9B /* LoginViewController+TextDidChangeDelegate.swift in Sources */ = {isa = PBXBuildFile; fileRef = 6B59B60D218A361A00D9CF9B /* LoginViewController+TextDidChangeDelegate.swift */; };
		6B59B612218A393700D9CF9B /* UserDefaults.swift in Sources */ = {isa = PBXBuildFile; fileRef = 6B59B611218A393700D9CF9B /* UserDefaults.swift */; };
		6B59B61C218B97E100D9CF9B /* ServiceApi.swift in Sources */ = {isa = PBXBuildFile; fileRef = 6B59B61B218B97E100D9CF9B /* ServiceApi.swift */; };
		6B59B61E218B993900D9CF9B /* PrgoressIndicator.swift in Sources */ = {isa = PBXBuildFile; fileRef = 6B59B61D218B993900D9CF9B /* PrgoressIndicator.swift */; };
		6B59B620218B9FD200D9CF9B /* UIViewController+AlertControllers.swift in Sources */ = {isa = PBXBuildFile; fileRef = 6B59B61F218B9FD200D9CF9B /* UIViewController+AlertControllers.swift */; };
		6B59B624218BB01A00D9CF9B /* TitleView.swift in Sources */ = {isa = PBXBuildFile; fileRef = 6B59B623218BB01A00D9CF9B /* TitleView.swift */; };
		6B59B629218BB78C00D9CF9B /* HomeShowsViewController.swift in Sources */ = {isa = PBXBuildFile; fileRef = 6B59B628218BB78C00D9CF9B /* HomeShowsViewController.swift */; };
		6B59B62B218BB8BF00D9CF9B /* ShowsTableController.swift in Sources */ = {isa = PBXBuildFile; fileRef = 6B59B62A218BB8BF00D9CF9B /* ShowsTableController.swift */; };
		6B59B62E218BBB1500D9CF9B /* Shows.swift in Sources */ = {isa = PBXBuildFile; fileRef = 6B59B62D218BBB1500D9CF9B /* Shows.swift */; };
		6B59B630218C5EEB00D9CF9B /* ShowsCell.swift in Sources */ = {isa = PBXBuildFile; fileRef = 6B59B62F218C5EEB00D9CF9B /* ShowsCell.swift */; };
		6B59B632218C5F2800D9CF9B /* BaseTableCell.swift in Sources */ = {isa = PBXBuildFile; fileRef = 6B59B631218C5F2800D9CF9B /* BaseTableCell.swift */; };
/* End PBXBuildFile section */

/* Begin PBXFileReference section */
		698F1B10E4946031134E252C /* Pods-TV Shows.debug.xcconfig */ = {isa = PBXFileReference; includeInIndex = 1; lastKnownFileType = text.xcconfig; name = "Pods-TV Shows.debug.xcconfig"; path = "Pods/Target Support Files/Pods-TV Shows/Pods-TV Shows.debug.xcconfig"; sourceTree = "<group>"; };
		6B3AAB0D218CC8F60018B9E4 /* ShowDetails.swift */ = {isa = PBXFileReference; lastKnownFileType = sourcecode.swift; path = ShowDetails.swift; sourceTree = "<group>"; };
		6B3AAB16218CCE760018B9E4 /* BaseHeaderTableCell.swift */ = {isa = PBXFileReference; lastKnownFileType = sourcecode.swift; path = BaseHeaderTableCell.swift; sourceTree = "<group>"; };
		6B3AAB1D218E065E0018B9E4 /* ShowDetialsEpisodesTableController.swift */ = {isa = PBXFileReference; lastKnownFileType = sourcecode.swift; name = ShowDetialsEpisodesTableController.swift; path = "/Users/ivicapetrsoric/Desktop/infinumZadatak/TV Shows/TV Shows/ShowDeials/Controller/ShowDetialsEpisodesTableController.swift"; sourceTree = "<absolute>"; };
		6B3AAB1F218EFFFF0018B9E4 /* ShowDetailsTableController.swift */ = {isa = PBXFileReference; lastKnownFileType = sourcecode.swift; path = ShowDetailsTableController.swift; sourceTree = "<group>"; };
		6B3AAB21218F0F8C0018B9E4 /* UIView+gradient.swift */ = {isa = PBXFileReference; lastKnownFileType = sourcecode.swift; path = "UIView+gradient.swift"; sourceTree = "<group>"; };
		6B3AAB25218F10370018B9E4 /* HeaderDetialsView.swift */ = {isa = PBXFileReference; lastKnownFileType = sourcecode.swift; path = HeaderDetialsView.swift; sourceTree = "<group>"; };
		6B3AAB28218F11D30018B9E4 /* UIImage.swift */ = {isa = PBXFileReference; lastKnownFileType = sourcecode.swift; path = UIImage.swift; sourceTree = "<group>"; };
		6B3AAB2E218F51A60018B9E4 /* EpisodeDetialsCell.swift */ = {isa = PBXFileReference; lastKnownFileType = sourcecode.swift; path = EpisodeDetialsCell.swift; sourceTree = "<group>"; };
		6B3AAB30218F5A850018B9E4 /* ShowEpisodesDetaills.swift */ = {isa = PBXFileReference; lastKnownFileType = sourcecode.swift; path = ShowEpisodesDetaills.swift; sourceTree = "<group>"; };
		6B59B5E22189DE5600D9CF9B /* TV Shows.app */ = {isa = PBXFileReference; explicitFileType = wrapper.application; includeInIndex = 0; path = "TV Shows.app"; sourceTree = BUILT_PRODUCTS_DIR; };
		6B59B5E52189DE5600D9CF9B /* AppDelegate.swift */ = {isa = PBXFileReference; lastKnownFileType = sourcecode.swift; path = AppDelegate.swift; sourceTree = "<group>"; };
		6B59B5EA2189DE5600D9CF9B /* Base */ = {isa = PBXFileReference; lastKnownFileType = file.storyboard; name = Base; path = Base.lproj/Main.storyboard; sourceTree = "<group>"; };
		6B59B5EC2189DE5700D9CF9B /* Assets.xcassets */ = {isa = PBXFileReference; lastKnownFileType = folder.assetcatalog; path = Assets.xcassets; sourceTree = "<group>"; };
		6B59B5EF2189DE5700D9CF9B /* Base */ = {isa = PBXFileReference; lastKnownFileType = file.storyboard; name = Base; path = Base.lproj/LaunchScreen.storyboard; sourceTree = "<group>"; };
		6B59B5F12189DE5700D9CF9B /* Info.plist */ = {isa = PBXFileReference; lastKnownFileType = text.plist.xml; path = Info.plist; sourceTree = "<group>"; };
		6B59B5F92189E0B700D9CF9B /* UIView+Anchors.swift */ = {isa = PBXFileReference; lastKnownFileType = sourcecode.swift; path = "UIView+Anchors.swift"; sourceTree = "<group>"; };
		6B59B5FB2189E30000D9CF9B /* LoginViewController.swift */ = {isa = PBXFileReference; lastKnownFileType = sourcecode.swift; path = LoginViewController.swift; sourceTree = "<group>"; };
		6B59B601218A281A00D9CF9B /* UIColor.swift */ = {isa = PBXFileReference; lastKnownFileType = sourcecode.swift; path = UIColor.swift; sourceTree = "<group>"; };
		6B59B604218A348300D9CF9B /* CustomTextFieldView.swift */ = {isa = PBXFileReference; lastKnownFileType = sourcecode.swift; path = CustomTextFieldView.swift; sourceTree = "<group>"; };
		6B59B606218A34B100D9CF9B /* BaseView.swift */ = {isa = PBXFileReference; lastKnownFileType = sourcecode.swift; path = BaseView.swift; sourceTree = "<group>"; };
		6B59B608218A34D000D9CF9B /* SaveUserCredentialView.swift */ = {isa = PBXFileReference; lastKnownFileType = sourcecode.swift; path = SaveUserCredentialView.swift; sourceTree = "<group>"; };
		6B59B60D218A361A00D9CF9B /* LoginViewController+TextDidChangeDelegate.swift */ = {isa = PBXFileReference; lastKnownFileType = sourcecode.swift; path = "LoginViewController+TextDidChangeDelegate.swift"; sourceTree = "<group>"; };
		6B59B611218A393700D9CF9B /* UserDefaults.swift */ = {isa = PBXFileReference; lastKnownFileType = sourcecode.swift; path = UserDefaults.swift; sourceTree = "<group>"; };
		6B59B61B218B97E100D9CF9B /* ServiceApi.swift */ = {isa = PBXFileReference; lastKnownFileType = sourcecode.swift; path = ServiceApi.swift; sourceTree = "<group>"; };
		6B59B61D218B993900D9CF9B /* PrgoressIndicator.swift */ = {isa = PBXFileReference; lastKnownFileType = sourcecode.swift; path = PrgoressIndicator.swift; sourceTree = "<group>"; };
		6B59B61F218B9FD200D9CF9B /* UIViewController+AlertControllers.swift */ = {isa = PBXFileReference; lastKnownFileType = sourcecode.swift; path = "UIViewController+AlertControllers.swift"; sourceTree = "<group>"; };
		6B59B623218BB01A00D9CF9B /* TitleView.swift */ = {isa = PBXFileReference; lastKnownFileType = sourcecode.swift; path = TitleView.swift; sourceTree = "<group>"; };
		6B59B628218BB78C00D9CF9B /* HomeShowsViewController.swift */ = {isa = PBXFileReference; lastKnownFileType = sourcecode.swift; path = HomeShowsViewController.swift; sourceTree = "<group>"; };
		6B59B62A218BB8BF00D9CF9B /* ShowsTableController.swift */ = {isa = PBXFileReference; lastKnownFileType = sourcecode.swift; path = ShowsTableController.swift; sourceTree = "<group>"; };
		6B59B62D218BBB1500D9CF9B /* Shows.swift */ = {isa = PBXFileReference; lastKnownFileType = sourcecode.swift; path = Shows.swift; sourceTree = "<group>"; };
		6B59B62F218C5EEB00D9CF9B /* ShowsCell.swift */ = {isa = PBXFileReference; lastKnownFileType = sourcecode.swift; path = ShowsCell.swift; sourceTree = "<group>"; };
		6B59B631218C5F2800D9CF9B /* BaseTableCell.swift */ = {isa = PBXFileReference; lastKnownFileType = sourcecode.swift; path = BaseTableCell.swift; sourceTree = "<group>"; };
		D3E3C129C6FAD8FACBFFD6E9 /* Pods-TV Shows.release.xcconfig */ = {isa = PBXFileReference; includeInIndex = 1; lastKnownFileType = text.xcconfig; name = "Pods-TV Shows.release.xcconfig"; path = "Pods/Target Support Files/Pods-TV Shows/Pods-TV Shows.release.xcconfig"; sourceTree = "<group>"; };
		E41EEA0EB812FD14530523D6 /* Pods_TV_Shows.framework */ = {isa = PBXFileReference; explicitFileType = wrapper.framework; includeInIndex = 0; path = Pods_TV_Shows.framework; sourceTree = BUILT_PRODUCTS_DIR; };
/* End PBXFileReference section */

/* Begin PBXFrameworksBuildPhase section */
		6B59B5DF2189DE5600D9CF9B /* Frameworks */ = {
			isa = PBXFrameworksBuildPhase;
			buildActionMask = 2147483647;
			files = (
				0655E77EDE12A97A073F5E1F /* Pods_TV_Shows.framework in Frameworks */,
			);
			runOnlyForDeploymentPostprocessing = 0;
		};
/* End PBXFrameworksBuildPhase section */

/* Begin PBXGroup section */
		5326E2937AD9DF668E7E7869 /* Frameworks */ = {
			isa = PBXGroup;
			children = (
				E41EEA0EB812FD14530523D6 /* Pods_TV_Shows.framework */,
			);
			name = Frameworks;
			sourceTree = "<group>";
		};
		6B3AAB0F218CCADA0018B9E4 /* Model */ = {
			isa = PBXGroup;
			children = (
				6B3AAB0D218CC8F60018B9E4 /* ShowDetails.swift */,
				6B3AAB30218F5A850018B9E4 /* ShowEpisodesDetaills.swift */,
			);
			path = Model;
			sourceTree = "<group>";
		};
		6B3AAB10218CCAE50018B9E4 /* Controller */ = {
			isa = PBXGroup;
			children = (
				6B3AAB1F218EFFFF0018B9E4 /* ShowDetailsTableController.swift */,
				6B3AAB1D218E065E0018B9E4 /* ShowDetialsEpisodesTableController.swift */,
			);
			path = Controller;
			sourceTree = "<group>";
		};
		6B3AAB15218CCDBA0018B9E4 /* View */ = {
			isa = PBXGroup;
			children = (
				6B3AAB25218F10370018B9E4 /* HeaderDetialsView.swift */,
				6B3AAB2E218F51A60018B9E4 /* EpisodeDetialsCell.swift */,
			);
			path = View;
			sourceTree = "<group>";
		};
		6B3AAB27218F11AE0018B9E4 /* Extensions */ = {
			isa = PBXGroup;
			children = (
				6B59B5F92189E0B700D9CF9B /* UIView+Anchors.swift */,
				6B3AAB21218F0F8C0018B9E4 /* UIView+gradient.swift */,
				6B3AAB28218F11D30018B9E4 /* UIImage.swift */,
				6B59B601218A281A00D9CF9B /* UIColor.swift */,
				6B59B611218A393700D9CF9B /* UserDefaults.swift */,
				6B59B61F218B9FD200D9CF9B /* UIViewController+AlertControllers.swift */,
			);
			path = Extensions;
			sourceTree = "<group>";
		};
		6B59B5D92189DE5600D9CF9B = {
			isa = PBXGroup;
			children = (
				6B59B5E42189DE5600D9CF9B /* TV Shows */,
				6B59B5E32189DE5600D9CF9B /* Products */,
				E0C7E51DEA1BBFE602BEC2CD /* Pods */,
				5326E2937AD9DF668E7E7869 /* Frameworks */,
			);
			sourceTree = "<group>";
		};
		6B59B5E32189DE5600D9CF9B /* Products */ = {
			isa = PBXGroup;
			children = (
				6B59B5E22189DE5600D9CF9B /* TV Shows.app */,
			);
			name = Products;
			sourceTree = "<group>";
		};
		6B59B5E42189DE5600D9CF9B /* TV Shows */ = {
			isa = PBXGroup;
			children = (
				6B59B5E52189DE5600D9CF9B /* AppDelegate.swift */,
				6B59B637218C866900D9CF9B /* ShowDeials */,
				6B59B621218BAC2800D9CF9B /* Home */,
				6B59B5FD2189E30A00D9CF9B /* Login */,
				6B59B618218B91D900D9CF9B /* Service */,
				6B59B5F82189E07400D9CF9B /* Helpers */,
				6B59B5F72189E05600D9CF9B /* Supporting Files */,
				6B59B5F12189DE5700D9CF9B /* Info.plist */,
			);
			path = "TV Shows";
			sourceTree = "<group>";
		};
		6B59B5F72189E05600D9CF9B /* Supporting Files */ = {
			isa = PBXGroup;
			children = (
				6B59B5E92189DE5600D9CF9B /* Main.storyboard */,
				6B59B5EC2189DE5700D9CF9B /* Assets.xcassets */,
				6B59B5EE2189DE5700D9CF9B /* LaunchScreen.storyboard */,
			);
			path = "Supporting Files";
			sourceTree = "<group>";
		};
		6B59B5F82189E07400D9CF9B /* Helpers */ = {
			isa = PBXGroup;
			children = (
				6B3AAB27218F11AE0018B9E4 /* Extensions */,
				6B59B606218A34B100D9CF9B /* BaseView.swift */,
				6B59B631218C5F2800D9CF9B /* BaseTableCell.swift */,
				6B3AAB16218CCE760018B9E4 /* BaseHeaderTableCell.swift */,
				6B59B61D218B993900D9CF9B /* PrgoressIndicator.swift */,
			);
			path = Helpers;
			sourceTree = "<group>";
		};
		6B59B5FD2189E30A00D9CF9B /* Login */ = {
			isa = PBXGroup;
			children = (
				6B59B603218A346500D9CF9B /* View */,
				6B59B60C218A35F600D9CF9B /* Controller */,
			);
			path = Login;
			sourceTree = "<group>";
		};
		6B59B603218A346500D9CF9B /* View */ = {
			isa = PBXGroup;
			children = (
				6B59B604218A348300D9CF9B /* CustomTextFieldView.swift */,
				6B59B608218A34D000D9CF9B /* SaveUserCredentialView.swift */,
			);
			path = View;
			sourceTree = "<group>";
		};
		6B59B60C218A35F600D9CF9B /* Controller */ = {
			isa = PBXGroup;
			children = (
				6B59B5FB2189E30000D9CF9B /* LoginViewController.swift */,
				6B59B60D218A361A00D9CF9B /* LoginViewController+TextDidChangeDelegate.swift */,
			);
			path = Controller;
			sourceTree = "<group>";
		};
		6B59B618218B91D900D9CF9B /* Service */ = {
			isa = PBXGroup;
			children = (
				6B59B61B218B97E100D9CF9B /* ServiceApi.swift */,
			);
			path = Service;
			sourceTree = "<group>";
		};
		6B59B621218BAC2800D9CF9B /* Home */ = {
			isa = PBXGroup;
			children = (
				6B59B62C218BBB0700D9CF9B /* Model */,
				6B59B622218BB00D00D9CF9B /* View */,
				6B59B625218BB02200D9CF9B /* Controller */,
			);
			path = Home;
			sourceTree = "<group>";
		};
		6B59B622218BB00D00D9CF9B /* View */ = {
			isa = PBXGroup;
			children = (
				6B59B623218BB01A00D9CF9B /* TitleView.swift */,
				6B59B62F218C5EEB00D9CF9B /* ShowsCell.swift */,
			);
			path = View;
			sourceTree = "<group>";
		};
		6B59B625218BB02200D9CF9B /* Controller */ = {
			isa = PBXGroup;
			children = (
				6B59B628218BB78C00D9CF9B /* HomeShowsViewController.swift */,
				6B59B62A218BB8BF00D9CF9B /* ShowsTableController.swift */,
			);
			path = Controller;
			sourceTree = "<group>";
		};
		6B59B62C218BBB0700D9CF9B /* Model */ = {
			isa = PBXGroup;
			children = (
				6B59B62D218BBB1500D9CF9B /* Shows.swift */,
			);
			path = Model;
			sourceTree = "<group>";
		};
		6B59B637218C866900D9CF9B /* ShowDeials */ = {
			isa = PBXGroup;
			children = (
				6B3AAB0F218CCADA0018B9E4 /* Model */,
				6B3AAB15218CCDBA0018B9E4 /* View */,
				6B3AAB10218CCAE50018B9E4 /* Controller */,
			);
			path = ShowDeials;
			sourceTree = "<group>";
		};
		E0C7E51DEA1BBFE602BEC2CD /* Pods */ = {
			isa = PBXGroup;
			children = (
				698F1B10E4946031134E252C /* Pods-TV Shows.debug.xcconfig */,
				D3E3C129C6FAD8FACBFFD6E9 /* Pods-TV Shows.release.xcconfig */,
			);
			name = Pods;
			sourceTree = "<group>";
		};
/* End PBXGroup section */

/* Begin PBXNativeTarget section */
		6B59B5E12189DE5600D9CF9B /* TV Shows */ = {
			isa = PBXNativeTarget;
			buildConfigurationList = 6B59B5F42189DE5700D9CF9B /* Build configuration list for PBXNativeTarget "TV Shows" */;
			buildPhases = (
				B08873898159FDD99E70A0D4 /* [CP] Check Pods Manifest.lock */,
				6B59B5DE2189DE5600D9CF9B /* Sources */,
				6B59B5DF2189DE5600D9CF9B /* Frameworks */,
				6B59B5E02189DE5600D9CF9B /* Resources */,
				86E019FB958E44AB777EB3F2 /* [CP] Embed Pods Frameworks */,
			);
			buildRules = (
			);
			dependencies = (
			);
			name = "TV Shows";
			productName = "TV Shows";
			productReference = 6B59B5E22189DE5600D9CF9B /* TV Shows.app */;
			productType = "com.apple.product-type.application";
		};
/* End PBXNativeTarget section */

/* Begin PBXProject section */
		6B59B5DA2189DE5600D9CF9B /* Project object */ = {
			isa = PBXProject;
			attributes = {
				LastSwiftUpdateCheck = 1000;
				LastUpgradeCheck = 1000;
				ORGANIZATIONNAME = "ivica petrsoric";
				TargetAttributes = {
					6B59B5E12189DE5600D9CF9B = {
						CreatedOnToolsVersion = 10.0;
					};
				};
			};
			buildConfigurationList = 6B59B5DD2189DE5600D9CF9B /* Build configuration list for PBXProject "TV Shows" */;
			compatibilityVersion = "Xcode 9.3";
			developmentRegion = en;
			hasScannedForEncodings = 0;
			knownRegions = (
				en,
				Base,
			);
			mainGroup = 6B59B5D92189DE5600D9CF9B;
			productRefGroup = 6B59B5E32189DE5600D9CF9B /* Products */;
			projectDirPath = "";
			projectRoot = "";
			targets = (
				6B59B5E12189DE5600D9CF9B /* TV Shows */,
			);
		};
/* End PBXProject section */

/* Begin PBXResourcesBuildPhase section */
		6B59B5E02189DE5600D9CF9B /* Resources */ = {
			isa = PBXResourcesBuildPhase;
			buildActionMask = 2147483647;
			files = (
				6B59B5F02189DE5700D9CF9B /* LaunchScreen.storyboard in Resources */,
				6B59B5ED2189DE5700D9CF9B /* Assets.xcassets in Resources */,
				6B59B5EB2189DE5600D9CF9B /* Main.storyboard in Resources */,
			);
			runOnlyForDeploymentPostprocessing = 0;
		};
/* End PBXResourcesBuildPhase section */

/* Begin PBXShellScriptBuildPhase section */
		86E019FB958E44AB777EB3F2 /* [CP] Embed Pods Frameworks */ = {
			isa = PBXShellScriptBuildPhase;
			buildActionMask = 2147483647;
			files = (
			);
			inputFileListPaths = (
			);
			inputPaths = (
				"${SRCROOT}/Pods/Target Support Files/Pods-TV Shows/Pods-TV Shows-frameworks.sh",
				"${BUILT_PRODUCTS_DIR}/Alamofire/Alamofire.framework",
				"${BUILT_PRODUCTS_DIR}/CodableAlamofire/CodableAlamofire.framework",
			);
			name = "[CP] Embed Pods Frameworks";
			outputFileListPaths = (
			);
			outputPaths = (
				"${TARGET_BUILD_DIR}/${FRAMEWORKS_FOLDER_PATH}/Alamofire.framework",
				"${TARGET_BUILD_DIR}/${FRAMEWORKS_FOLDER_PATH}/CodableAlamofire.framework",
			);
			runOnlyForDeploymentPostprocessing = 0;
			shellPath = /bin/sh;
			shellScript = "\"${SRCROOT}/Pods/Target Support Files/Pods-TV Shows/Pods-TV Shows-frameworks.sh\"\n";
			showEnvVarsInLog = 0;
		};
		B08873898159FDD99E70A0D4 /* [CP] Check Pods Manifest.lock */ = {
			isa = PBXShellScriptBuildPhase;
			buildActionMask = 2147483647;
			files = (
			);
			inputFileListPaths = (
			);
			inputPaths = (
				"${PODS_PODFILE_DIR_PATH}/Podfile.lock",
				"${PODS_ROOT}/Manifest.lock",
			);
			name = "[CP] Check Pods Manifest.lock";
			outputFileListPaths = (
			);
			outputPaths = (
				"$(DERIVED_FILE_DIR)/Pods-TV Shows-checkManifestLockResult.txt",
			);
			runOnlyForDeploymentPostprocessing = 0;
			shellPath = /bin/sh;
			shellScript = "diff \"${PODS_PODFILE_DIR_PATH}/Podfile.lock\" \"${PODS_ROOT}/Manifest.lock\" > /dev/null\nif [ $? != 0 ] ; then\n    # print error to STDERR\n    echo \"error: The sandbox is not in sync with the Podfile.lock. Run 'pod install' or update your CocoaPods installation.\" >&2\n    exit 1\nfi\n# This output is used by Xcode 'outputs' to avoid re-running this script phase.\necho \"SUCCESS\" > \"${SCRIPT_OUTPUT_FILE_0}\"\n";
			showEnvVarsInLog = 0;
		};
/* End PBXShellScriptBuildPhase section */

/* Begin PBXSourcesBuildPhase section */
		6B59B5DE2189DE5600D9CF9B /* Sources */ = {
			isa = PBXSourcesBuildPhase;
			buildActionMask = 2147483647;
			files = (
				6B3AAB22218F0F8C0018B9E4 /* UIView+gradient.swift in Sources */,
				6B59B5FC2189E30000D9CF9B /* LoginViewController.swift in Sources */,
				6B59B632218C5F2800D9CF9B /* BaseTableCell.swift in Sources */,
				6B59B5FA2189E0B700D9CF9B /* UIView+Anchors.swift in Sources */,
				6B3AAB20218EFFFF0018B9E4 /* ShowDetailsTableController.swift in Sources */,
				6B59B62E218BBB1500D9CF9B /* Shows.swift in Sources */,
				6B59B62B218BB8BF00D9CF9B /* ShowsTableController.swift in Sources */,
				6B3AAB17218CCE760018B9E4 /* BaseHeaderTableCell.swift in Sources */,
				6B59B624218BB01A00D9CF9B /* TitleView.swift in Sources */,
				6B59B60E218A361A00D9CF9B /* LoginViewController+TextDidChangeDelegate.swift in Sources */,
				6B59B609218A34D000D9CF9B /* SaveUserCredentialView.swift in Sources */,
				6B3AAB1E218E065E0018B9E4 /* ShowDetialsEpisodesTableController.swift in Sources */,
				6B3AAB29218F11D30018B9E4 /* UIImage.swift in Sources */,
				6B59B5E62189DE5600D9CF9B /* AppDelegate.swift in Sources */,
				6B59B612218A393700D9CF9B /* UserDefaults.swift in Sources */,
				6B59B629218BB78C00D9CF9B /* HomeShowsViewController.swift in Sources */,
				6B59B620218B9FD200D9CF9B /* UIViewController+AlertControllers.swift in Sources */,
				6B3AAB26218F10370018B9E4 /* HeaderDetialsView.swift in Sources */,
				6B59B630218C5EEB00D9CF9B /* ShowsCell.swift in Sources */,
				6B59B607218A34B100D9CF9B /* BaseView.swift in Sources */,
				6B59B61E218B993900D9CF9B /* PrgoressIndicator.swift in Sources */,
				6B59B61C218B97E100D9CF9B /* ServiceApi.swift in Sources */,
				6B3AAB31218F5A850018B9E4 /* ShowEpisodesDetaills.swift in Sources */,
				6B3AAB2F218F51A60018B9E4 /* EpisodeDetialsCell.swift in Sources */,
				6B59B602218A281A00D9CF9B /* UIColor.swift in Sources */,
				6B59B605218A348300D9CF9B /* CustomTextFieldView.swift in Sources */,
				6B3AAB0E218CC8F60018B9E4 /* ShowDetails.swift in Sources */,
			);
			runOnlyForDeploymentPostprocessing = 0;
		};
/* End PBXSourcesBuildPhase section */

/* Begin PBXVariantGroup section */
		6B59B5E92189DE5600D9CF9B /* Main.storyboard */ = {
			isa = PBXVariantGroup;
			children = (
				6B59B5EA2189DE5600D9CF9B /* Base */,
			);
			name = Main.storyboard;
			sourceTree = "<group>";
		};
		6B59B5EE2189DE5700D9CF9B /* LaunchScreen.storyboard */ = {
			isa = PBXVariantGroup;
			children = (
				6B59B5EF2189DE5700D9CF9B /* Base */,
			);
			name = LaunchScreen.storyboard;
			sourceTree = "<group>";
		};
/* End PBXVariantGroup section */

/* Begin XCBuildConfiguration section */
		6B59B5F22189DE5700D9CF9B /* Debug */ = {
			isa = XCBuildConfiguration;
			buildSettings = {
				ALWAYS_SEARCH_USER_PATHS = NO;
				CLANG_ANALYZER_NONNULL = YES;
				CLANG_ANALYZER_NUMBER_OBJECT_CONVERSION = YES_AGGRESSIVE;
				CLANG_CXX_LANGUAGE_STANDARD = "gnu++14";
				CLANG_CXX_LIBRARY = "libc++";
				CLANG_ENABLE_MODULES = YES;
				CLANG_ENABLE_OBJC_ARC = YES;
				CLANG_ENABLE_OBJC_WEAK = YES;
				CLANG_WARN_BLOCK_CAPTURE_AUTORELEASING = YES;
				CLANG_WARN_BOOL_CONVERSION = YES;
				CLANG_WARN_COMMA = YES;
				CLANG_WARN_CONSTANT_CONVERSION = YES;
				CLANG_WARN_DEPRECATED_OBJC_IMPLEMENTATIONS = YES;
				CLANG_WARN_DIRECT_OBJC_ISA_USAGE = YES_ERROR;
				CLANG_WARN_DOCUMENTATION_COMMENTS = YES;
				CLANG_WARN_EMPTY_BODY = YES;
				CLANG_WARN_ENUM_CONVERSION = YES;
				CLANG_WARN_INFINITE_RECURSION = YES;
				CLANG_WARN_INT_CONVERSION = YES;
				CLANG_WARN_NON_LITERAL_NULL_CONVERSION = YES;
				CLANG_WARN_OBJC_IMPLICIT_RETAIN_SELF = YES;
				CLANG_WARN_OBJC_LITERAL_CONVERSION = YES;
				CLANG_WARN_OBJC_ROOT_CLASS = YES_ERROR;
				CLANG_WARN_RANGE_LOOP_ANALYSIS = YES;
				CLANG_WARN_STRICT_PROTOTYPES = YES;
				CLANG_WARN_SUSPICIOUS_MOVE = YES;
				CLANG_WARN_UNGUARDED_AVAILABILITY = YES_AGGRESSIVE;
				CLANG_WARN_UNREACHABLE_CODE = YES;
				CLANG_WARN__DUPLICATE_METHOD_MATCH = YES;
				CODE_SIGN_IDENTITY = "iPhone Developer";
				COPY_PHASE_STRIP = NO;
				DEBUG_INFORMATION_FORMAT = dwarf;
				ENABLE_STRICT_OBJC_MSGSEND = YES;
				ENABLE_TESTABILITY = YES;
				GCC_C_LANGUAGE_STANDARD = gnu11;
				GCC_DYNAMIC_NO_PIC = NO;
				GCC_NO_COMMON_BLOCKS = YES;
				GCC_OPTIMIZATION_LEVEL = 0;
				GCC_PREPROCESSOR_DEFINITIONS = (
					"DEBUG=1",
					"$(inherited)",
				);
				GCC_WARN_64_TO_32_BIT_CONVERSION = YES;
				GCC_WARN_ABOUT_RETURN_TYPE = YES_ERROR;
				GCC_WARN_UNDECLARED_SELECTOR = YES;
				GCC_WARN_UNINITIALIZED_AUTOS = YES_AGGRESSIVE;
				GCC_WARN_UNUSED_FUNCTION = YES;
				GCC_WARN_UNUSED_VARIABLE = YES;
				IPHONEOS_DEPLOYMENT_TARGET = 12.0;
				MTL_ENABLE_DEBUG_INFO = INCLUDE_SOURCE;
				MTL_FAST_MATH = YES;
				ONLY_ACTIVE_ARCH = YES;
				SDKROOT = iphoneos;
				SWIFT_ACTIVE_COMPILATION_CONDITIONS = DEBUG;
				SWIFT_OPTIMIZATION_LEVEL = "-Onone";
			};
			name = Debug;
		};
		6B59B5F32189DE5700D9CF9B /* Release */ = {
			isa = XCBuildConfiguration;
			buildSettings = {
				ALWAYS_SEARCH_USER_PATHS = NO;
				CLANG_ANALYZER_NONNULL = YES;
				CLANG_ANALYZER_NUMBER_OBJECT_CONVERSION = YES_AGGRESSIVE;
				CLANG_CXX_LANGUAGE_STANDARD = "gnu++14";
				CLANG_CXX_LIBRARY = "libc++";
				CLANG_ENABLE_MODULES = YES;
				CLANG_ENABLE_OBJC_ARC = YES;
				CLANG_ENABLE_OBJC_WEAK = YES;
				CLANG_WARN_BLOCK_CAPTURE_AUTORELEASING = YES;
				CLANG_WARN_BOOL_CONVERSION = YES;
				CLANG_WARN_COMMA = YES;
				CLANG_WARN_CONSTANT_CONVERSION = YES;
				CLANG_WARN_DEPRECATED_OBJC_IMPLEMENTATIONS = YES;
				CLANG_WARN_DIRECT_OBJC_ISA_USAGE = YES_ERROR;
				CLANG_WARN_DOCUMENTATION_COMMENTS = YES;
				CLANG_WARN_EMPTY_BODY = YES;
				CLANG_WARN_ENUM_CONVERSION = YES;
				CLANG_WARN_INFINITE_RECURSION = YES;
				CLANG_WARN_INT_CONVERSION = YES;
				CLANG_WARN_NON_LITERAL_NULL_CONVERSION = YES;
				CLANG_WARN_OBJC_IMPLICIT_RETAIN_SELF = YES;
				CLANG_WARN_OBJC_LITERAL_CONVERSION = YES;
				CLANG_WARN_OBJC_ROOT_CLASS = YES_ERROR;
				CLANG_WARN_RANGE_LOOP_ANALYSIS = YES;
				CLANG_WARN_STRICT_PROTOTYPES = YES;
				CLANG_WARN_SUSPICIOUS_MOVE = YES;
				CLANG_WARN_UNGUARDED_AVAILABILITY = YES_AGGRESSIVE;
				CLANG_WARN_UNREACHABLE_CODE = YES;
				CLANG_WARN__DUPLICATE_METHOD_MATCH = YES;
				CODE_SIGN_IDENTITY = "iPhone Developer";
				COPY_PHASE_STRIP = NO;
				DEBUG_INFORMATION_FORMAT = "dwarf-with-dsym";
				ENABLE_NS_ASSERTIONS = NO;
				ENABLE_STRICT_OBJC_MSGSEND = YES;
				GCC_C_LANGUAGE_STANDARD = gnu11;
				GCC_NO_COMMON_BLOCKS = YES;
				GCC_WARN_64_TO_32_BIT_CONVERSION = YES;
				GCC_WARN_ABOUT_RETURN_TYPE = YES_ERROR;
				GCC_WARN_UNDECLARED_SELECTOR = YES;
				GCC_WARN_UNINITIALIZED_AUTOS = YES_AGGRESSIVE;
				GCC_WARN_UNUSED_FUNCTION = YES;
				GCC_WARN_UNUSED_VARIABLE = YES;
				IPHONEOS_DEPLOYMENT_TARGET = 12.0;
				MTL_ENABLE_DEBUG_INFO = NO;
				MTL_FAST_MATH = YES;
				SDKROOT = iphoneos;
				SWIFT_COMPILATION_MODE = wholemodule;
				SWIFT_OPTIMIZATION_LEVEL = "-O";
				VALIDATE_PRODUCT = YES;
			};
			name = Release;
		};
		6B59B5F52189DE5700D9CF9B /* Debug */ = {
			isa = XCBuildConfiguration;
			baseConfigurationReference = 698F1B10E4946031134E252C /* Pods-TV Shows.debug.xcconfig */;
			buildSettings = {
				ASSETCATALOG_COMPILER_APPICON_NAME = AppIcon;
				CODE_SIGN_STYLE = Automatic;
				DEVELOPMENT_TEAM = 74PDM76YJS;
				INFOPLIST_FILE = "TV Shows/Info.plist";
				IPHONEOS_DEPLOYMENT_TARGET = 10.0;
				LD_RUNPATH_SEARCH_PATHS = (
					"$(inherited)",
					"@executable_path/Frameworks",
				);
				PRODUCT_BUNDLE_IDENTIFIER = "ivica.petrsoric.TV-Shows";
				PRODUCT_NAME = "$(TARGET_NAME)";
				SWIFT_VERSION = 4.2;
				TARGETED_DEVICE_FAMILY = "1,2";
			};
			name = Debug;
		};
		6B59B5F62189DE5700D9CF9B /* Release */ = {
			isa = XCBuildConfiguration;
			baseConfigurationReference = D3E3C129C6FAD8FACBFFD6E9 /* Pods-TV Shows.release.xcconfig */;
			buildSettings = {
				ASSETCATALOG_COMPILER_APPICON_NAME = AppIcon;
				CODE_SIGN_STYLE = Automatic;
				DEVELOPMENT_TEAM = 74PDM76YJS;
				INFOPLIST_FILE = "TV Shows/Info.plist";
				IPHONEOS_DEPLOYMENT_TARGET = 10.0;
				LD_RUNPATH_SEARCH_PATHS = (
					"$(inherited)",
					"@executable_path/Frameworks",
				);
				PRODUCT_BUNDLE_IDENTIFIER = "ivica.petrsoric.TV-Shows";
				PRODUCT_NAME = "$(TARGET_NAME)";
				SWIFT_VERSION = 4.2;
				TARGETED_DEVICE_FAMILY = "1,2";
			};
			name = Release;
		};
/* End XCBuildConfiguration section */

/* Begin XCConfigurationList section */
		6B59B5DD2189DE5600D9CF9B /* Build configuration list for PBXProject "TV Shows" */ = {
			isa = XCConfigurationList;
			buildConfigurations = (
				6B59B5F22189DE5700D9CF9B /* Debug */,
				6B59B5F32189DE5700D9CF9B /* Release */,
			);
			defaultConfigurationIsVisible = 0;
			defaultConfigurationName = Release;
		};
		6B59B5F42189DE5700D9CF9B /* Build configuration list for PBXNativeTarget "TV Shows" */ = {
			isa = XCConfigurationList;
			buildConfigurations = (
				6B59B5F52189DE5700D9CF9B /* Debug */,
				6B59B5F62189DE5700D9CF9B /* Release */,
			);
			defaultConfigurationIsVisible = 0;
			defaultConfigurationName = Release;
		};
/* End XCConfigurationList section */
	};
	rootObject = 6B59B5DA2189DE5600D9CF9B /* Project object */;
}
